
Microsoft Visual Studio Solution File, Format Version 12.00
# Visual Studio Version 17
VisualStudioVersion = 17.5.33414.496
MinimumVisualStudioVersion = 10.0.40219.1
Project("{2150E333-8FDC-42A3-9474-1A3956D46DE8}") = "src", "src", "{4F9BEA40-CD47-4902-881F-C9C1428EFEB1}"
EndProject
Project("{2150E333-8FDC-42A3-9474-1A3956D46DE8}") = "test", "test", "{0767F237-2DC1-436B-911D-71044E1DD46E}"
EndProject
Project("{FAE04EC0-301F-11D3-BF4B-00C04F79EFBC}") = "DOMINIO", "DOMINIO\DOMINIO.csproj", "{6A3DEBA3-F707-4B2C-A4AD-1A6C52D70968}"
EndProject
Project("{FAE04EC0-301F-11D3-BF4B-00C04F79EFBC}") = "INFRAESTRUCTURA", "INFRAESTRUCTURA\INFRAESTRUCTURA.csproj", "{5574B890-2C1C-45A8-AFB8-C0E8484B73F5}"
EndProject
Project("{FAE04EC0-301F-11D3-BF4B-00C04F79EFBC}") = "APLICACION", "APLICACION\APLICACION.csproj", "{304D9ADC-6269-4C74-BBBC-EF0B327297E5}"
EndProject
Project("{FAE04EC0-301F-11D3-BF4B-00C04F79EFBC}") = "API", "API\API.csproj", "{38B5B0DF-162B-4216-8556-7958341E8370}"
EndProject
Project("{FAE04EC0-301F-11D3-BF4B-00C04F79EFBC}") = "UTLIDADES", "UTLIDADES\UTLIDADES.csproj", "{2D10E1C0-FF73-4A20-82C8-8476D4CDD14A}"
EndProject
Project("{FAE04EC0-301F-11D3-BF4B-00C04F79EFBC}") = "TEST", "TEST\TEST.csproj", "{B4B52C5E-54AE-4310-87F4-BF2C272B9F56}"
EndProject
Global
	GlobalSection(SolutionConfigurationPlatforms) = preSolution
		Debug|Any CPU = Debug|Any CPU
		Release|Any CPU = Release|Any CPU
	EndGlobalSection
	GlobalSection(ProjectConfigurationPlatforms) = postSolution
		{6A3DEBA3-F707-4B2C-A4AD-1A6C52D70968}.Debug|Any CPU.ActiveCfg = Debug|Any CPU
		{6A3DEBA3-F707-4B2C-A4AD-1A6C52D70968}.Debug|Any CPU.Build.0 = Debug|Any CPU
		{6A3DEBA3-F707-4B2C-A4AD-1A6C52D70968}.Release|Any CPU.ActiveCfg = Release|Any CPU
		{6A3DEBA3-F707-4B2C-A4AD-1A6C52D70968}.Release|Any CPU.Build.0 = Release|Any CPU
		{5574B890-2C1C-45A8-AFB8-C0E8484B73F5}.Debug|Any CPU.ActiveCfg = Debug|Any CPU
		{5574B890-2C1C-45A8-AFB8-C0E8484B73F5}.Debug|Any CPU.Build.0 = Debug|Any CPU
		{5574B890-2C1C-45A8-AFB8-C0E8484B73F5}.Release|Any CPU.ActiveCfg = Release|Any CPU
		{5574B890-2C1C-45A8-AFB8-C0E8484B73F5}.Release|Any CPU.Build.0 = Release|Any CPU
		{304D9ADC-6269-4C74-BBBC-EF0B327297E5}.Debug|Any CPU.ActiveCfg = Debug|Any CPU
		{304D9ADC-6269-4C74-BBBC-EF0B327297E5}.Debug|Any CPU.Build.0 = Debug|Any CPU
		{304D9ADC-6269-4C74-BBBC-EF0B327297E5}.Release|Any CPU.ActiveCfg = Release|Any CPU
		{304D9ADC-6269-4C74-BBBC-EF0B327297E5}.Release|Any CPU.Build.0 = Release|Any CPU
		{38B5B0DF-162B-4216-8556-7958341E8370}.Debug|Any CPU.ActiveCfg = Debug|Any CPU
		{38B5B0DF-162B-4216-8556-7958341E8370}.Debug|Any CPU.Build.0 = Debug|Any CPU
		{38B5B0DF-162B-4216-8556-7958341E8370}.Release|Any CPU.ActiveCfg = Release|Any CPU
		{38B5B0DF-162B-4216-8556-7958341E8370}.Release|Any CPU.Build.0 = Release|Any CPU
		{2D10E1C0-FF73-4A20-82C8-8476D4CDD14A}.Debug|Any CPU.ActiveCfg = Debug|Any CPU
		{2D10E1C0-FF73-4A20-82C8-8476D4CDD14A}.Debug|Any CPU.Build.0 = Debug|Any CPU
		{2D10E1C0-FF73-4A20-82C8-8476D4CDD14A}.Release|Any CPU.ActiveCfg = Release|Any CPU
		{2D10E1C0-FF73-4A20-82C8-8476D4CDD14A}.Release|Any CPU.Build.0 = Release|Any CPU
		{B4B52C5E-54AE-4310-87F4-BF2C272B9F56}.Debug|Any CPU.ActiveCfg = Debug|Any CPU
		{B4B52C5E-54AE-4310-87F4-BF2C272B9F56}.Debug|Any CPU.Build.0 = Debug|Any CPU
		{B4B52C5E-54AE-4310-87F4-BF2C272B9F56}.Release|Any CPU.ActiveCfg = Release|Any CPU
		{B4B52C5E-54AE-4310-87F4-BF2C272B9F56}.Release|Any CPU.Build.0 = Release|Any CPU
	EndGlobalSection
	GlobalSection(SolutionProperties) = preSolution
		HideSolutionNode = FALSE
	EndGlobalSection
	GlobalSection(NestedProjects) = preSolution
		{6A3DEBA3-F707-4B2C-A4AD-1A6C52D70968} = {4F9BEA40-CD47-4902-881F-C9C1428EFEB1}
		{5574B890-2C1C-45A8-AFB8-C0E8484B73F5} = {4F9BEA40-CD47-4902-881F-C9C1428EFEB1}
		{304D9ADC-6269-4C74-BBBC-EF0B327297E5} = {4F9BEA40-CD47-4902-881F-C9C1428EFEB1}
		{38B5B0DF-162B-4216-8556-7958341E8370} = {4F9BEA40-CD47-4902-881F-C9C1428EFEB1}
		{2D10E1C0-FF73-4A20-82C8-8476D4CDD14A} = {4F9BEA40-CD47-4902-881F-C9C1428EFEB1}
		{B4B52C5E-54AE-4310-87F4-BF2C272B9F56} = {0767F237-2DC1-436B-911D-71044E1DD46E}
	EndGlobalSection
	GlobalSection(ExtensibilityGlobals) = postSolution
		SolutionGuid = {AD787B77-4B98-47D3-AB0C-184F9122C631}
	EndGlobalSection
EndGlobal
